
Microsoft Visual Studio Solution File, Format Version 12.00
# Visual Studio Version 17
VisualStudioVersion = 17.10.35013.160
MinimumVisualStudioVersion = 10.0.40219.1
Project("{FAE04EC0-301F-11D3-BF4B-00C04F79EFBC}") = "Console_SessionSwitch", "Console_SessionSwitch\Console_SessionSwitch.csproj", "{1E814766-C691-4AB9-99A3-16F3AFC8A52C}"
EndProject
Global
	GlobalSection(SolutionConfigurationPlatforms) = preSolution
		Debug|Any CPU = Debug|Any CPU
		Release|Any CPU = Release|Any CPU
	EndGlobalSection
	GlobalSection(ProjectConfigurationPlatforms) = postSolution
		{1E814766-C691-4AB9-99A3-16F3AFC8A52C}.Debug|Any CPU.ActiveCfg = Debug|Any CPU
		{1E814766-C691-4AB9-99A3-16F3AFC8A52C}.Debug|Any CPU.Build.0 = Debug|Any CPU
		{1E814766-C691-4AB9-99A3-16F3AFC8A52C}.Release|Any CPU.ActiveCfg = Release|Any CPU
		{1E814766-C691-4AB9-99A3-16F3AFC8A52C}.Release|Any CPU.Build.0 = Release|Any CPU
	EndGlobalSection
	GlobalSection(SolutionProperties) = preSolution
		HideSolutionNode = FALSE
	EndGlobalSection
	GlobalSection(ExtensibilityGlobals) = postSolution
		SolutionGuid = {F5C3B489-9731-4471-B223-A97B314E0997}
	EndGlobalSection
EndGlobal
